
Microsoft Visual Studio Solution File, Format Version 12.00
# Visual Studio 15
VisualStudioVersion = 15.0.28307.489
MinimumVisualStudioVersion = 10.0.40219.1
Project("{FAE04EC0-301F-11D3-BF4B-00C04F79EFBC}") = "ServicioSocialApp", "ServicioSocialApp\ServicioSocialApp.csproj", "{D4E9FAF2-C543-490E-850B-CC83479BF6C1}"
EndProject
Project("{FAE04EC0-301F-11D3-BF4B-00C04F79EFBC}") = "BaseDatos", "ClassLibrary1\BaseDatos.csproj", "{94C8EF47-F5C0-4876-A55F-04342D24C838}"
EndProject
Project("{FAE04EC0-301F-11D3-BF4B-00C04F79EFBC}") = "LogicaDeNegocio", "LogicaDeNegocio\LogicaDeNegocio.csproj", "{BC4E156C-ED3B-4C21-80C4-047D56D7C94C}"
EndProject
Project("{FAE04EC0-301F-11D3-BF4B-00C04F79EFBC}") = "UnitTest", "UnitTest\UnitTest.csproj", "{88A0485E-6E62-413A-B33A-5E455A7D928A}"
EndProject
Global
	GlobalSection(SolutionConfigurationPlatforms) = preSolution
		Debug|Any CPU = Debug|Any CPU
		Release|Any CPU = Release|Any CPU
	EndGlobalSection
	GlobalSection(ProjectConfigurationPlatforms) = postSolution
		{D4E9FAF2-C543-490E-850B-CC83479BF6C1}.Debug|Any CPU.ActiveCfg = Debug|Any CPU
		{D4E9FAF2-C543-490E-850B-CC83479BF6C1}.Debug|Any CPU.Build.0 = Debug|Any CPU
		{D4E9FAF2-C543-490E-850B-CC83479BF6C1}.Release|Any CPU.ActiveCfg = Release|Any CPU
		{D4E9FAF2-C543-490E-850B-CC83479BF6C1}.Release|Any CPU.Build.0 = Release|Any CPU
		{94C8EF47-F5C0-4876-A55F-04342D24C838}.Debug|Any CPU.ActiveCfg = Debug|Any CPU
		{94C8EF47-F5C0-4876-A55F-04342D24C838}.Debug|Any CPU.Build.0 = Debug|Any CPU
		{94C8EF47-F5C0-4876-A55F-04342D24C838}.Release|Any CPU.ActiveCfg = Release|Any CPU
		{94C8EF47-F5C0-4876-A55F-04342D24C838}.Release|Any CPU.Build.0 = Release|Any CPU
		{BC4E156C-ED3B-4C21-80C4-047D56D7C94C}.Debug|Any CPU.ActiveCfg = Debug|Any CPU
		{BC4E156C-ED3B-4C21-80C4-047D56D7C94C}.Debug|Any CPU.Build.0 = Debug|Any CPU
		{BC4E156C-ED3B-4C21-80C4-047D56D7C94C}.Release|Any CPU.ActiveCfg = Release|Any CPU
		{BC4E156C-ED3B-4C21-80C4-047D56D7C94C}.Release|Any CPU.Build.0 = Release|Any CPU
		{88A0485E-6E62-413A-B33A-5E455A7D928A}.Debug|Any CPU.ActiveCfg = Debug|Any CPU
		{88A0485E-6E62-413A-B33A-5E455A7D928A}.Debug|Any CPU.Build.0 = Debug|Any CPU
		{88A0485E-6E62-413A-B33A-5E455A7D928A}.Release|Any CPU.ActiveCfg = Release|Any CPU
		{88A0485E-6E62-413A-B33A-5E455A7D928A}.Release|Any CPU.Build.0 = Release|Any CPU
	EndGlobalSection
	GlobalSection(SolutionProperties) = preSolution
		HideSolutionNode = FALSE
	EndGlobalSection
	GlobalSection(ExtensibilityGlobals) = postSolution
		SolutionGuid = {39DA638E-9936-4EAC-8FE7-C94D12B20F98}
	EndGlobalSection
EndGlobal
